
Microsoft Visual Studio Solution File, Format Version 12.00
# Visual Studio Version 17
VisualStudioVersion = 17.8.34316.72
MinimumVisualStudioVersion = 10.0.40219.1
Project("{9A19103F-16F7-4668-BE54-9A1E7A4F7556}") = "SpinePlugin", "SpinePlugin\SpinePlugin.csproj", "{9A4B2D52-03EF-4152-BDF1-28FCC841EDE1}"
EndProject
Project("{9A19103F-16F7-4668-BE54-9A1E7A4F7556}") = "PluginLibraries", "..\..\FlatRedBall\FRBDK\Glue\PluginLibraries\PluginLibraries.csproj", "{9EDE4FA4-A986-4A83-B42C-8B110F343302}"
EndProject
Project("{9A19103F-16F7-4668-BE54-9A1E7A4F7556}") = "WpfDataUiCore", "..\..\Gum\WpfDataUiCore\WpfDataUiCore.csproj", "{C0EF0D88-5A67-45A3-BD6C-1FE4057FD530}"
EndProject
Project("{2150E333-8FDC-42A3-9474-1A3956D46DE8}") = "Dependenices", "Dependenices", "{55FF23A1-257F-4FC1-A460-290474BAB547}"
EndProject
Project("{FAE04EC0-301F-11D3-BF4B-00C04F79EFBC}") = "Glue", "..\..\FlatRedBall\FRBDK\Glue\Glue\Glue.csproj", "{0354C093-267B-6650-2116-0195DBDCB076}"
EndProject
Global
	GlobalSection(SolutionConfigurationPlatforms) = preSolution
		Debug|Any CPU = Debug|Any CPU
		Release|Any CPU = Release|Any CPU
	EndGlobalSection
	GlobalSection(ProjectConfigurationPlatforms) = postSolution
		{9A4B2D52-03EF-4152-BDF1-28FCC841EDE1}.Debug|Any CPU.ActiveCfg = Debug|Any CPU
		{9A4B2D52-03EF-4152-BDF1-28FCC841EDE1}.Debug|Any CPU.Build.0 = Debug|Any CPU
		{9A4B2D52-03EF-4152-BDF1-28FCC841EDE1}.Release|Any CPU.ActiveCfg = Release|Any CPU
		{9A4B2D52-03EF-4152-BDF1-28FCC841EDE1}.Release|Any CPU.Build.0 = Release|Any CPU
		{9EDE4FA4-A986-4A83-B42C-8B110F343302}.Debug|Any CPU.ActiveCfg = Debug|Any CPU
		{9EDE4FA4-A986-4A83-B42C-8B110F343302}.Debug|Any CPU.Build.0 = Debug|Any CPU
		{9EDE4FA4-A986-4A83-B42C-8B110F343302}.Release|Any CPU.ActiveCfg = Release|Any CPU
		{9EDE4FA4-A986-4A83-B42C-8B110F343302}.Release|Any CPU.Build.0 = Release|Any CPU
		{C0EF0D88-5A67-45A3-BD6C-1FE4057FD530}.Debug|Any CPU.ActiveCfg = Debug|Any CPU
		{C0EF0D88-5A67-45A3-BD6C-1FE4057FD530}.Debug|Any CPU.Build.0 = Debug|Any CPU
		{C0EF0D88-5A67-45A3-BD6C-1FE4057FD530}.Release|Any CPU.ActiveCfg = Release|Any CPU
		{C0EF0D88-5A67-45A3-BD6C-1FE4057FD530}.Release|Any CPU.Build.0 = Release|Any CPU
		{0354C093-267B-6650-2116-0195DBDCB076}.Debug|Any CPU.ActiveCfg = Debug|Any CPU
		{0354C093-267B-6650-2116-0195DBDCB076}.Debug|Any CPU.Build.0 = Debug|Any CPU
		{0354C093-267B-6650-2116-0195DBDCB076}.Release|Any CPU.ActiveCfg = Release|Any CPU
		{0354C093-267B-6650-2116-0195DBDCB076}.Release|Any CPU.Build.0 = Release|Any CPU
	EndGlobalSection
	GlobalSection(SolutionProperties) = preSolution
		HideSolutionNode = FALSE
	EndGlobalSection
	GlobalSection(NestedProjects) = preSolution
		{9EDE4FA4-A986-4A83-B42C-8B110F343302} = {55FF23A1-257F-4FC1-A460-290474BAB547}
		{C0EF0D88-5A67-45A3-BD6C-1FE4057FD530} = {55FF23A1-257F-4FC1-A460-290474BAB547}
		{0354C093-267B-6650-2116-0195DBDCB076} = {55FF23A1-257F-4FC1-A460-290474BAB547}
	EndGlobalSection
	GlobalSection(ExtensibilityGlobals) = postSolution
		SolutionGuid = {7798E200-456D-4970-BE79-2305F00C2168}
	EndGlobalSection
EndGlobal
